
Microsoft Visual Studio Solution File, Format Version 12.00
# Visual Studio Version 17
VisualStudioVersion = 17.0.31919.166
MinimumVisualStudioVersion = 10.0.40219.1
Project("{FAE04EC0-301F-11D3-BF4B-00C04F79EFBC}") = "EncuestasCMD", "EncuestasCMD\EncuestasCMD.csproj", "{C34AC50C-A46F-4559-8A80-9A693796875E}"
EndProject
Project("{FAE04EC0-301F-11D3-BF4B-00C04F79EFBC}") = "EncuestasLib", "EncuestasLib\EncuestasLib.csproj", "{9D0C78E8-76F2-466D-A288-F6BD6F463AAA}"
EndProject
Project("{FAE04EC0-301F-11D3-BF4B-00C04F79EFBC}") = "EncuestasForm", "EncuestasForm\EncuestasForm.csproj", "{F87AB3CA-8C34-4A8B-8A2B-983A3922FA35}"
EndProject
Global
	GlobalSection(SolutionConfigurationPlatforms) = preSolution
		Debug|Any CPU = Debug|Any CPU
		Release|Any CPU = Release|Any CPU
	EndGlobalSection
	GlobalSection(ProjectConfigurationPlatforms) = postSolution
		{C34AC50C-A46F-4559-8A80-9A693796875E}.Debug|Any CPU.ActiveCfg = Debug|Any CPU
		{C34AC50C-A46F-4559-8A80-9A693796875E}.Debug|Any CPU.Build.0 = Debug|Any CPU
		{C34AC50C-A46F-4559-8A80-9A693796875E}.Release|Any CPU.ActiveCfg = Release|Any CPU
		{C34AC50C-A46F-4559-8A80-9A693796875E}.Release|Any CPU.Build.0 = Release|Any CPU
		{9D0C78E8-76F2-466D-A288-F6BD6F463AAA}.Debug|Any CPU.ActiveCfg = Debug|Any CPU
		{9D0C78E8-76F2-466D-A288-F6BD6F463AAA}.Debug|Any CPU.Build.0 = Debug|Any CPU
		{9D0C78E8-76F2-466D-A288-F6BD6F463AAA}.Release|Any CPU.ActiveCfg = Release|Any CPU
		{9D0C78E8-76F2-466D-A288-F6BD6F463AAA}.Release|Any CPU.Build.0 = Release|Any CPU
		{F87AB3CA-8C34-4A8B-8A2B-983A3922FA35}.Debug|Any CPU.ActiveCfg = Debug|Any CPU
		{F87AB3CA-8C34-4A8B-8A2B-983A3922FA35}.Debug|Any CPU.Build.0 = Debug|Any CPU
		{F87AB3CA-8C34-4A8B-8A2B-983A3922FA35}.Release|Any CPU.ActiveCfg = Release|Any CPU
		{F87AB3CA-8C34-4A8B-8A2B-983A3922FA35}.Release|Any CPU.Build.0 = Release|Any CPU
	EndGlobalSection
	GlobalSection(SolutionProperties) = preSolution
		HideSolutionNode = FALSE
	EndGlobalSection
	GlobalSection(ExtensibilityGlobals) = postSolution
		SolutionGuid = {D061348B-7FA8-4E2F-B415-8EE7DF220359}
	EndGlobalSection
EndGlobal
